
Microsoft Visual Studio Solution File, Format Version 12.00
# Visual Studio Version 16
VisualStudioVersion = 16.0.29613.14
MinimumVisualStudioVersion = 10.0.40219.1
Project("{FAE04EC0-301F-11D3-BF4B-00C04F79EFBC}") = "SpeedAndDistance", "SpeedAndDistance.csproj", "{6BB29232-7417-4777-A1EA-4B60B2A13841}"
EndProject
Project("{911E67C6-3D85-4FCE-B560-20A9C3E3FF48}") = "YourDyno", "C:\Program Files (x86)\YourDyno\YourDyno.exe", "{051EF92C-15A3-4EA4-8903-DCDE31AB4E7A}"
	ProjectSection(DebuggerProjectSystem) = preProject
		PortSupplier = 00000000-0000-0000-0000-000000000000
		Executable = C:\Program Files (x86)\YourDyno\YourDyno.exe
		RemoteMachine = TKES10
		StartingDirectory = C:\Program Files (x86)\YourDyno
		Environment = Default
		LaunchingEngine = 00000000-0000-0000-0000-000000000000
		UseLegacyDebugEngines = No
		LaunchSQLEngine = No
		AttachLaunchAction = No
	EndProjectSection
EndProject
Project("{2150E333-8FDC-42A3-9474-1A3956D46DE8}") = "Solution Items", "Solution Items", "{80098E47-A884-402E-B9A3-75388B6BA83A}"
	ProjectSection(SolutionItems) = preProject
		..\USBRelay\USBRelayConfig.cs = ..\USBRelay\USBRelayConfig.cs
	EndProjectSection
EndProject
Global
	GlobalSection(SolutionConfigurationPlatforms) = preSolution
		Debug|Any CPU = Debug|Any CPU
		Debug|x86 = Debug|x86
		Release|Any CPU = Release|Any CPU
		Release|x86 = Release|x86
	EndGlobalSection
	GlobalSection(ProjectConfigurationPlatforms) = postSolution
		{6BB29232-7417-4777-A1EA-4B60B2A13841}.Debug|Any CPU.ActiveCfg = Debug|Any CPU
		{6BB29232-7417-4777-A1EA-4B60B2A13841}.Debug|Any CPU.Build.0 = Debug|Any CPU
		{6BB29232-7417-4777-A1EA-4B60B2A13841}.Debug|x86.ActiveCfg = Debug|Any CPU
		{6BB29232-7417-4777-A1EA-4B60B2A13841}.Debug|x86.Build.0 = Debug|Any CPU
		{6BB29232-7417-4777-A1EA-4B60B2A13841}.Release|Any CPU.ActiveCfg = Release|Any CPU
		{6BB29232-7417-4777-A1EA-4B60B2A13841}.Release|Any CPU.Build.0 = Release|Any CPU
		{6BB29232-7417-4777-A1EA-4B60B2A13841}.Release|x86.ActiveCfg = Release|Any CPU
		{6BB29232-7417-4777-A1EA-4B60B2A13841}.Release|x86.Build.0 = Release|Any CPU
		{051EF92C-15A3-4EA4-8903-DCDE31AB4E7A}.Debug|Any CPU.ActiveCfg = Release|x86
		{051EF92C-15A3-4EA4-8903-DCDE31AB4E7A}.Debug|x86.ActiveCfg = Release|x86
		{051EF92C-15A3-4EA4-8903-DCDE31AB4E7A}.Release|Any CPU.ActiveCfg = Release|x86
		{051EF92C-15A3-4EA4-8903-DCDE31AB4E7A}.Release|x86.ActiveCfg = Release|x86
	EndGlobalSection
	GlobalSection(SolutionProperties) = preSolution
		HideSolutionNode = FALSE
	EndGlobalSection
	GlobalSection(ExtensibilityGlobals) = postSolution
		SolutionGuid = {9D0FA305-BCA0-4534-B43D-4C67FB3EA166}
	EndGlobalSection
EndGlobal
